// !$*UTF8*$!
{
	archiveVersion = 1;
	classes = {
	};
	objectVersion = 46;
	objects = {

/* Begin PBXBuildFile section */
		6488CB962069F60B000BB811 /* AppDelegate.swift in Sources */ = {isa = PBXBuildFile; fileRef = 6488CB952069F60B000BB811 /* AppDelegate.swift */; };
		6488CB982069F60B000BB811 /* ViewController.swift in Sources */ = {isa = PBXBuildFile; fileRef = 6488CB972069F60B000BB811 /* ViewController.swift */; };
		6488CB9B2069F60B000BB811 /* Main.storyboard in Resources */ = {isa = PBXBuildFile; fileRef = 6488CB992069F60B000BB811 /* Main.storyboard */; };
		6488CB9D2069F60B000BB811 /* Assets.xcassets in Resources */ = {isa = PBXBuildFile; fileRef = 6488CB9C2069F60B000BB811 /* Assets.xcassets */; };
		6488CBA02069F60B000BB811 /* LaunchScreen.storyboard in Resources */ = {isa = PBXBuildFile; fileRef = 6488CB9E2069F60B000BB811 /* LaunchScreen.storyboard */; };
		6488CBAB2069F60B000BB811 /* Program_Luas_SegitigaTests.swift in Sources */ = {isa = PBXBuildFile; fileRef = 6488CBAA2069F60B000BB811 /* Program_Luas_SegitigaTests.swift */; };
		6488CBB62069F60B000BB811 /* Program_Luas_SegitigaUITests.swift in Sources */ = {isa = PBXBuildFile; fileRef = 6488CBB52069F60B000BB811 /* Program_Luas_SegitigaUITests.swift */; };
/* End PBXBuildFile section */

/* Begin PBXContainerItemProxy section */
		6488CBA72069F60B000BB811 /* PBXContainerItemProxy */ = {
			isa = PBXContainerItemProxy;
			containerPortal = 6488CB8A2069F60B000BB811 /* Project object */;
			proxyType = 1;
			remoteGlobalIDString = 6488CB912069F60B000BB811;
			remoteInfo = "Program Luas Segitiga";
		};
		6488CBB22069F60B000BB811 /* PBXContainerItemProxy */ = {
			isa = PBXContainerItemProxy;
			containerPortal = 6488CB8A2069F60B000BB811 /* Project object */;
			proxyType = 1;
			remoteGlobalIDString = 6488CB912069F60B000BB811;
			remoteInfo = "Program Luas Segitiga";
		};
/* End PBXContainerItemProxy section */

/* Begin PBXFileReference section */
		6488CB922069F60B000BB811 /* Program Luas Segitiga.app */ = {isa = PBXFileReference; explicitFileType = wrapper.application; includeInIndex = 0; path = "Program Luas Segitiga.app"; sourceTree = BUILT_PRODUCTS_DIR; };
		6488CB952069F60B000BB811 /* AppDelegate.swift */ = {isa = PBXFileReference; lastKnownFileType = sourcecode.swift; path = AppDelegate.swift; sourceTree = "<group>"; };
		6488CB972069F60B000BB811 /* ViewController.swift */ = {isa = PBXFileReference; lastKnownFileType = sourcecode.swift; path = ViewController.swift; sourceTree = "<group>"; };
		6488CB9A2069F60B000BB811 /* Base */ = {isa = PBXFileReference; lastKnownFileType = file.storyboard; name = Base; path = Base.lproj/Main.storyboard; sourceTree = "<group>"; };
		6488CB9C2069F60B000BB811 /* Assets.xcassets */ = {isa = PBXFileReference; lastKnownFileType = folder.assetcatalog; path = Assets.xcassets; sourceTree = "<group>"; };
		6488CB9F2069F60B000BB811 /* Base */ = {isa = PBXFileReference; lastKnownFileType = file.storyboard; name = Base; path = Base.lproj/LaunchScreen.storyboard; sourceTree = "<group>"; };
		6488CBA12069F60B000BB811 /* Info.plist */ = {isa = PBXFileReference; lastKnownFileType = text.plist.xml; path = Info.plist; sourceTree = "<group>"; };
		6488CBA62069F60B000BB811 /* Program Luas SegitigaTests.xctest */ = {isa = PBXFileReference; explicitFileType = wrapper.cfbundle; includeInIndex = 0; path = "Program Luas SegitigaTests.xctest"; sourceTree = BUILT_PRODUCTS_DIR; };
		6488CBAA2069F60B000BB811 /* Program_Luas_SegitigaTests.swift */ = {isa = PBXFileReference; lastKnownFileType = sourcecode.swift; path = Program_Luas_SegitigaTests.swift; sourceTree = "<group>"; };
		6488CBAC2069F60B000BB811 /* Info.plist */ = {isa = PBXFileReference; lastKnownFileType = text.plist.xml; path = Info.plist; sourceTree = "<group>"; };
		6488CBB12069F60B000BB811 /* Program Luas SegitigaUITests.xctest */ = {isa = PBXFileReference; explicitFileType = wrapper.cfbundle; includeInIndex = 0; path = "Program Luas SegitigaUITests.xctest"; sourceTree = BUILT_PRODUCTS_DIR; };
		6488CBB52069F60B000BB811 /* Program_Luas_SegitigaUITests.swift */ = {isa = PBXFileReference; lastKnownFileType = sourcecode.swift; path = Program_Luas_SegitigaUITests.swift; sourceTree = "<group>"; };
		6488CBB72069F60B000BB811 /* Info.plist */ = {isa = PBXFileReference; lastKnownFileType = text.plist.xml; path = Info.plist; sourceTree = "<group>"; };
/* End PBXFileReference section */

/* Begin PBXFrameworksBuildPhase section */
		6488CB8F2069F60B000BB811 /* Frameworks */ = {
			isa = PBXFrameworksBuildPhase;
			buildActionMask = 2147483647;
			files = (
			);
			runOnlyForDeploymentPostprocessing = 0;
		};
		6488CBA32069F60B000BB811 /* Frameworks */ = {
			isa = PBXFrameworksBuildPhase;
			buildActionMask = 2147483647;
			files = (
			);
			runOnlyForDeploymentPostprocessing = 0;
		};
		6488CBAE2069F60B000BB811 /* Frameworks */ = {
			isa = PBXFrameworksBuildPhase;
			buildActionMask = 2147483647;
			files = (
			);
			runOnlyForDeploymentPostprocessing = 0;
		};
/* End PBXFrameworksBuildPhase section */

/* Begin PBXGroup section */
		6488CB892069F60A000BB811 = {
			isa = PBXGroup;
			children = (
				6488CB942069F60B000BB811 /* Program Luas Segitiga */,
				6488CBA92069F60B000BB811 /* Program Luas SegitigaTests */,
				6488CBB42069F60B000BB811 /* Program Luas SegitigaUITests */,
				6488CB932069F60B000BB811 /* Products */,
			);
			sourceTree = "<group>";
		};
		6488CB932069F60B000BB811 /* Products */ = {
			isa = PBXGroup;
			children = (
				6488CB922069F60B000BB811 /* Program Luas Segitiga.app */,
				6488CBA62069F60B000BB811 /* Program Luas SegitigaTests.xctest */,
				6488CBB12069F60B000BB811 /* Program Luas SegitigaUITests.xctest */,
			);
			name = Products;
			sourceTree = "<group>";
		};
		6488CB942069F60B000BB811 /* Program Luas Segitiga */ = {
			isa = PBXGroup;
			children = (
				6488CB952069F60B000BB811 /* AppDelegate.swift */,
				6488CB972069F60B000BB811 /* ViewController.swift */,
				6488CB992069F60B000BB811 /* Main.storyboard */,
				6488CB9C2069F60B000BB811 /* Assets.xcassets */,
				6488CB9E2069F60B000BB811 /* LaunchScreen.storyboard */,
				6488CBA12069F60B000BB811 /* Info.plist */,
			);
			path = "Program Luas Segitiga";
			sourceTree = "<group>";
		};
		6488CBA92069F60B000BB811 /* Program Luas SegitigaTests */ = {
			isa = PBXGroup;
			children = (
				6488CBAA2069F60B000BB811 /* Program_Luas_SegitigaTests.swift */,
				6488CBAC2069F60B000BB811 /* Info.plist */,
			);
			path = "Program Luas SegitigaTests";
			sourceTree = "<group>";
		};
		6488CBB42069F60B000BB811 /* Program Luas SegitigaUITests */ = {
			isa = PBXGroup;
			children = (
				6488CBB52069F60B000BB811 /* Program_Luas_SegitigaUITests.swift */,
				6488CBB72069F60B000BB811 /* Info.plist */,
			);
			path = "Program Luas SegitigaUITests";
			sourceTree = "<group>";
		};
/* End PBXGroup section */

/* Begin PBXNativeTarget section */
		6488CB912069F60B000BB811 /* Program Luas Segitiga */ = {
			isa = PBXNativeTarget;
			buildConfigurationList = 6488CBBA2069F60B000BB811 /* Build configuration list for PBXNativeTarget "Program Luas Segitiga" */;
			buildPhases = (
				6488CB8E2069F60B000BB811 /* Sources */,
				6488CB8F2069F60B000BB811 /* Frameworks */,
				6488CB902069F60B000BB811 /* Resources */,
			);
			buildRules = (
			);
			dependencies = (
			);
			name = "Program Luas Segitiga";
			productName = "Program Luas Segitiga";
			productReference = 6488CB922069F60B000BB811 /* Program Luas Segitiga.app */;
			productType = "com.apple.product-type.application";
		};
		6488CBA52069F60B000BB811 /* Program Luas SegitigaTests */ = {
			isa = PBXNativeTarget;
			buildConfigurationList = 6488CBBD2069F60B000BB811 /* Build configuration list for PBXNativeTarget "Program Luas SegitigaTests" */;
			buildPhases = (
				6488CBA22069F60B000BB811 /* Sources */,
				6488CBA32069F60B000BB811 /* Frameworks */,
				6488CBA42069F60B000BB811 /* Resources */,
			);
			buildRules = (
			);
			dependencies = (
				6488CBA82069F60B000BB811 /* PBXTargetDependency */,
			);
			name = "Program Luas SegitigaTests";
			productName = "Program Luas SegitigaTests";
			productReference = 6488CBA62069F60B000BB811 /* Program Luas SegitigaTests.xctest */;
			productType = "com.apple.product-type.bundle.unit-test";
		};
		6488CBB02069F60B000BB811 /* Program Luas SegitigaUITests */ = {
			isa = PBXNativeTarget;
			buildConfigurationList = 6488CBC02069F60B000BB811 /* Build configuration list for PBXNativeTarget "Program Luas SegitigaUITests" */;
			buildPhases = (
				6488CBAD2069F60B000BB811 /* Sources */,
				6488CBAE2069F60B000BB811 /* Frameworks */,
				6488CBAF2069F60B000BB811 /* Resources */,
			);
			buildRules = (
			);
			dependencies = (
				6488CBB32069F60B000BB811 /* PBXTargetDependency */,
			);
			name = "Program Luas SegitigaUITests";
			productName = "Program Luas SegitigaUITests";
			productReference = 6488CBB12069F60B000BB811 /* Program Luas SegitigaUITests.xctest */;
			productType = "com.apple.product-type.bundle.ui-testing";
		};
/* End PBXNativeTarget section */

/* Begin PBXProject section */
		6488CB8A2069F60B000BB811 /* Project object */ = {
			isa = PBXProject;
			attributes = {
				LastSwiftUpdateCheck = 0710;
				LastUpgradeCheck = 0710;
				ORGANIZATIONNAME = "Matsuura Hana";
				TargetAttributes = {
					6488CB912069F60B000BB811 = {
						CreatedOnToolsVersion = 7.1;
					};
					6488CBA52069F60B000BB811 = {
						CreatedOnToolsVersion = 7.1;
						TestTargetID = 6488CB912069F60B000BB811;
					};
					6488CBB02069F60B000BB811 = {
						CreatedOnToolsVersion = 7.1;
						TestTargetID = 6488CB912069F60B000BB811;
					};
				};
			};
			buildConfigurationList = 6488CB8D2069F60B000BB811 /* Build configuration list for PBXProject "Program Luas Segitiga" */;
			compatibilityVersion = "Xcode 3.2";
			developmentRegion = English;
			hasScannedForEncodings = 0;
			knownRegions = (
				en,
				Base,
			);
			mainGroup = 6488CB892069F60A000BB811;
			productRefGroup = 6488CB932069F60B000BB811 /* Products */;
			projectDirPath = "";
			projectRoot = "";
			targets = (
				6488CB912069F60B000BB811 /* Program Luas Segitiga */,
				6488CBA52069F60B000BB811 /* Program Luas SegitigaTests */,
				6488CBB02069F60B000BB811 /* Program Luas SegitigaUITests */,
			);
		};
/* End PBXProject section */

/* Begin PBXResourcesBuildPhase section */
		6488CB902069F60B000BB811 /* Resources */ = {
			isa = PBXResourcesBuildPhase;
			buildActionMask = 2147483647;
			files = (
				6488CBA02069F60B000BB811 /* LaunchScreen.storyboard in Resources */,
				6488CB9D2069F60B000BB811 /* Assets.xcassets in Resources */,
				6488CB9B2069F60B000BB811 /* Main.storyboard in Resources */,
			);
			runOnlyForDeploymentPostprocessing = 0;
		};
		6488CBA42069F60B000BB811 /* Resources */ = {
			isa = PBXResourcesBuildPhase;
			buildActionMask = 2147483647;
			files = (
			);
			runOnlyForDeploymentPostprocessing = 0;
		};
		6488CBAF2069F60B000BB811 /* Resources */ = {
			isa = PBXResourcesBuildPhase;
			buildActionMask = 2147483647;
			files = (
			);
			runOnlyForDeploymentPostprocessing = 0;
		};
/* End PBXResourcesBuildPhase section */

/* Begin PBXSourcesBuildPhase section */
		6488CB8E2069F60B000BB811 /* Sources */ = {
			isa = PBXSourcesBuildPhase;
			buildActionMask = 2147483647;
			files = (
				6488CB982069F60B000BB811 /* ViewController.swift in Sources */,
				6488CB962069F60B000BB811 /* AppDelegate.swift in Sources */,
			);
			runOnlyForDeploymentPostprocessing = 0;
		};
		6488CBA22069F60B000BB811 /* Sources */ = {
			isa = PBXSourcesBuildPhase;
			buildActionMask = 2147483647;
			files = (
				6488CBAB2069F60B000BB811 /* Program_Luas_SegitigaTests.swift in Sources */,
			);
			runOnlyForDeploymentPostprocessing = 0;
		};
		6488CBAD2069F60B000BB811 /* Sources */ = {
			isa = PBXSourcesBuildPhase;
			buildActionMask = 2147483647;
			files = (
				6488CBB62069F60B000BB811 /* Program_Luas_SegitigaUITests.swift in Sources */,
			);
			runOnlyForDeploymentPostprocessing = 0;
		};
/* End PBXSourcesBuildPhase section */

/* Begin PBXTargetDependency section */
		6488CBA82069F60B000BB811 /* PBXTargetDependency */ = {
			isa = PBXTargetDependency;
			target = 6488CB912069F60B000BB811 /* Program Luas Segitiga */;
			targetProxy = 6488CBA72069F60B000BB811 /* PBXContainerItemProxy */;
		};
		6488CBB32069F60B000BB811 /* PBXTargetDependency */ = {
			isa = PBXTargetDependency;
			target = 6488CB912069F60B000BB811 /* Program Luas Segitiga */;
			targetProxy = 6488CBB22069F60B000BB811 /* PBXContainerItemProxy */;
		};
/* End PBXTargetDependency section */

/* Begin PBXVariantGroup section */
		6488CB992069F60B000BB811 /* Main.storyboard */ = {
			isa = PBXVariantGroup;
			children = (
				6488CB9A2069F60B000BB811 /* Base */,
			);
			name = Main.storyboard;
			sourceTree = "<group>";
		};
		6488CB9E2069F60B000BB811 /* LaunchScreen.storyboard */ = {
			isa = PBXVariantGroup;
			children = (
				6488CB9F2069F60B000BB811 /* Base */,
			);
			name = LaunchScreen.storyboard;
			sourceTree = "<group>";
		};
/* End PBXVariantGroup section */

/* Begin XCBuildConfiguration section */
		6488CBB82069F60B000BB811 /* Debug */ = {
			isa = XCBuildConfiguration;
			buildSettings = {
				ALWAYS_SEARCH_USER_PATHS = NO;
				CLANG_CXX_LANGUAGE_STANDARD = "gnu++0x";
				CLANG_CXX_LIBRARY = "libc++";
				CLANG_ENABLE_MODULES = YES;
				CLANG_ENABLE_OBJC_ARC = YES;
				CLANG_WARN_BOOL_CONVERSION = YES;
				CLANG_WARN_CONSTANT_CONVERSION = YES;
				CLANG_WARN_DIRECT_OBJC_ISA_USAGE = YES_ERROR;
				CLANG_WARN_EMPTY_BODY = YES;
				CLANG_WARN_ENUM_CONVERSION = YES;
				CLANG_WARN_INT_CONVERSION = YES;
				CLANG_WARN_OBJC_ROOT_CLASS = YES_ERROR;
				CLANG_WARN_UNREACHABLE_CODE = YES;
				CLANG_WARN__DUPLICATE_METHOD_MATCH = YES;
				"CODE_SIGN_IDENTITY[sdk=iphoneos*]" = "iPhone Developer";
				COPY_PHASE_STRIP = NO;
				DEBUG_INFORMATION_FORMAT = dwarf;
				ENABLE_STRICT_OBJC_MSGSEND = YES;
				ENABLE_TESTABILITY = YES;
				GCC_C_LANGUAGE_STANDARD = gnu99;
				GCC_DYNAMIC_NO_PIC = NO;
				GCC_NO_COMMON_BLOCKS = YES;
				GCC_OPTIMIZATION_LEVEL = 0;
				GCC_PREPROCESSOR_DEFINITIONS = (
					"DEBUG=1",
					"$(inherited)",
				);
				GCC_WARN_64_TO_32_BIT_CONVERSION = YES;
				GCC_WARN_ABOUT_RETURN_TYPE = YES_ERROR;
				GCC_WARN_UNDECLARED_SELECTOR = YES;
				GCC_WARN_UNINITIALIZED_AUTOS = YES_AGGRESSIVE;
				GCC_WARN_UNUSED_FUNCTION = YES;
				GCC_WARN_UNUSED_VARIABLE = YES;
				IPHONEOS_DEPLOYMENT_TARGET = 9.1;
				MTL_ENABLE_DEBUG_INFO = YES;
				ONLY_ACTIVE_ARCH = YES;
				SDKROOT = iphoneos;
				SWIFT_OPTIMIZATION_LEVEL = "-Onone";
				TARGETED_DEVICE_FAMILY = "1,2";
			};
			name = Debug;
		};
		6488CBB92069F60B000BB811 /* Release */ = {
			isa = XCBuildConfiguration;
			buildSettings = {
				ALWAYS_SEARCH_USER_PATHS = NO;
				CLANG_CXX_LANGUAGE_STANDARD = "gnu++0x";
				CLANG_CXX_LIBRARY = "libc++";
				CLANG_ENABLE_MODULES = YES;
				CLANG_ENABLE_OBJC_ARC = YES;
				CLANG_WARN_BOOL_CONVERSION = YES;
				CLANG_WARN_CONSTANT_CONVERSION = YES;
				CLANG_WARN_DIRECT_OBJC_ISA_USAGE = YES_ERROR;
				CLANG_WARN_EMPTY_BODY = YES;
				CLANG_WARN_ENUM_CONVERSION = YES;
				CLANG_WARN_INT_CONVERSION = YES;
				CLANG_WARN_OBJC_ROOT_CLASS = YES_ERROR;
				CLANG_WARN_UNREACHABLE_CODE = YES;
				CLANG_WARN__DUPLICATE_METHOD_MATCH = YES;
				"CODE_SIGN_IDENTITY[sdk=iphoneos*]" = "iPhone Developer";
				COPY_PHASE_STRIP = NO;
				DEBUG_INFORMATION_FORMAT = "dwarf-with-dsym";
				ENABLE_NS_ASSERTIONS = NO;
				ENABLE_STRICT_OBJC_MSGSEND = YES;
				GCC_C_LANGUAGE_STANDARD = gnu99;
				GCC_NO_COMMON_BLOCKS = YES;
				GCC_WARN_64_TO_32_BIT_CONVERSION = YES;
				GCC_WARN_ABOUT_RETURN_TYPE = YES_ERROR;
				GCC_WARN_UNDECLARED_SELECTOR = YES;
				GCC_WARN_UNINITIALIZED_AUTOS = YES_AGGRESSIVE;
				GCC_WARN_UNUSED_FUNCTION = YES;
				GCC_WARN_UNUSED_VARIABLE = YES;
				IPHONEOS_DEPLOYMENT_TARGET = 9.1;
				MTL_ENABLE_DEBUG_INFO = NO;
				SDKROOT = iphoneos;
				TARGETED_DEVICE_FAMILY = "1,2";
				VALIDATE_PRODUCT = YES;
			};
			name = Release;
		};
		6488CBBB2069F60B000BB811 /* Debug */ = {
			isa = XCBuildConfiguration;
			buildSettings = {
				ASSETCATALOG_COMPILER_APPICON_NAME = AppIcon;
				INFOPLIST_FILE = "Program Luas Segitiga/Info.plist";
				LD_RUNPATH_SEARCH_PATHS = "$(inherited) @executable_path/Frameworks";
				PRODUCT_BUNDLE_IDENTIFIER = "test.Program-Luas-Segitiga";
				PRODUCT_NAME = "$(TARGET_NAME)";
			};
			name = Debug;
		};
		6488CBBC2069F60B000BB811 /* Release */ = {
			isa = XCBuildConfiguration;
			buildSettings = {
				ASSETCATALOG_COMPILER_APPICON_NAME = AppIcon;
				INFOPLIST_FILE = "Program Luas Segitiga/Info.plist";
				LD_RUNPATH_SEARCH_PATHS = "$(inherited) @executable_path/Frameworks";
				PRODUCT_BUNDLE_IDENTIFIER = "test.Program-Luas-Segitiga";
				PRODUCT_NAME = "$(TARGET_NAME)";
			};
			name = Release;
		};
		6488CBBE2069F60B000BB811 /* Debug */ = {
			isa = XCBuildConfiguration;
			buildSettings = {
				BUNDLE_LOADER = "$(TEST_HOST)";
				INFOPLIST_FILE = "Program Luas SegitigaTests/Info.plist";
				LD_RUNPATH_SEARCH_PATHS = "$(inherited) @executable_path/Frameworks @loader_path/Frameworks";
				PRODUCT_BUNDLE_IDENTIFIER = "test.Program-Luas-SegitigaTests";
				PRODUCT_NAME = "$(TARGET_NAME)";
				TEST_HOST = "$(BUILT_PRODUCTS_DIR)/Program Luas Segitiga.app/Program Luas Segitiga";
			};
			name = Debug;
		};
		6488CBBF2069F60B000BB811 /* Release */ = {
			isa = XCBuildConfiguration;
			buildSettings = {
				BUNDLE_LOADER = "$(TEST_HOST)";
				INFOPLIST_FILE = "Program Luas SegitigaTests/Info.plist";
				LD_RUNPATH_SEARCH_PATHS = "$(inherited) @executable_path/Frameworks @loader_path/Frameworks";
				PRODUCT_BUNDLE_IDENTIFIER = "test.Program-Luas-SegitigaTests";
				PRODUCT_NAME = "$(TARGET_NAME)";
				TEST_HOST = "$(BUILT_PRODUCTS_DIR)/Program Luas Segitiga.app/Program Luas Segitiga";
			};
			name = Release;
		};
		6488CBC12069F60B000BB811 /* Debug */ = {
			isa = XCBuildConfiguration;
			buildSettings = {
				INFOPLIST_FILE = "Program Luas SegitigaUITests/Info.plist";
				LD_RUNPATH_SEARCH_PATHS = "$(inherited) @executable_path/Frameworks @loader_path/Frameworks";
				PRODUCT_BUNDLE_IDENTIFIER = "test.Program-Luas-SegitigaUITests";
				PRODUCT_NAME = "$(TARGET_NAME)";
				TEST_TARGET_NAME = "Program Luas Segitiga";
				USES_XCTRUNNER = YES;
			};
			name = Debug;
		};
		6488CBC22069F60B000BB811 /* Release */ = {
			isa = XCBuildConfiguration;
			buildSettings = {
				INFOPLIST_FILE = "Program Luas SegitigaUITests/Info.plist";
				LD_RUNPATH_SEARCH_PATHS = "$(inherited) @executable_path/Frameworks @loader_path/Frameworks";
				PRODUCT_BUNDLE_IDENTIFIER = "test.Program-Luas-SegitigaUITests";
				PRODUCT_NAME = "$(TARGET_NAME)";
				TEST_TARGET_NAME = "Program Luas Segitiga";
				USES_XCTRUNNER = YES;
			};
			name = Release;
		};
/* End XCBuildConfiguration section */

/* Begin XCConfigurationList section */
		6488CB8D2069F60B000BB811 /* Build configuration list for PBXProject "Program Luas Segitiga" */ = {
			isa = XCConfigurationList;
			buildConfigurations = (
				6488CBB82069F60B000BB811 /* Debug */,
				6488CBB92069F60B000BB811 /* Release */,
			);
			defaultConfigurationIsVisible = 0;
			defaultConfigurationName = Release;
		};
		6488CBBA2069F60B000BB811 /* Build configuration list for PBXNativeTarget "Program Luas Segitiga" */ = {
			isa = XCConfigurationList;
			buildConfigurations = (
				6488CBBB2069F60B000BB811 /* Debug */,
				6488CBBC2069F60B000BB811 /* Release */,
			);
			defaultConfigurationIsVisible = 0;
		};
		6488CBBD2069F60B000BB811 /* Build configuration list for PBXNativeTarget "Program Luas SegitigaTests" */ = {
			isa = XCConfigurationList;
			buildConfigurations = (
				6488CBBE2069F60B000BB811 /* Debug */,
				6488CBBF2069F60B000BB811 /* Release */,
			);
			defaultConfigurationIsVisible = 0;
		};
		6488CBC02069F60B000BB811 /* Build configuration list for PBXNativeTarget "Program Luas SegitigaUITests" */ = {
			isa = XCConfigurationList;
			buildConfigurations = (
				6488CBC12069F60B000BB811 /* Debug */,
				6488CBC22069F60B000BB811 /* Release */,
			);
			defaultConfigurationIsVisible = 0;
		};
/* End XCConfigurationList section */
	};
	rootObject = 6488CB8A2069F60B000BB811 /* Project object */;
}
