// !$*UTF8*$!
{
	archiveVersion = 1;
	classes = {
	};
	objectVersion = 46;
	objects = {

/* Begin PBXBuildFile section */
		6444B12D2084968A00250516 /* AppDelegate.swift in Sources */ = {isa = PBXBuildFile; fileRef = 6444B12C2084968A00250516 /* AppDelegate.swift */; };
		6444B12F2084968A00250516 /* ViewController.swift in Sources */ = {isa = PBXBuildFile; fileRef = 6444B12E2084968A00250516 /* ViewController.swift */; };
		6444B1322084968A00250516 /* Main.storyboard in Resources */ = {isa = PBXBuildFile; fileRef = 6444B1302084968A00250516 /* Main.storyboard */; };
		6444B1342084968A00250516 /* Assets.xcassets in Resources */ = {isa = PBXBuildFile; fileRef = 6444B1332084968A00250516 /* Assets.xcassets */; };
		6444B1372084968A00250516 /* LaunchScreen.storyboard in Resources */ = {isa = PBXBuildFile; fileRef = 6444B1352084968A00250516 /* LaunchScreen.storyboard */; };
		6444B1422084968A00250516 /* Aplikasi_Penghitung_Nilai_KelulusanTests.swift in Sources */ = {isa = PBXBuildFile; fileRef = 6444B1412084968A00250516 /* Aplikasi_Penghitung_Nilai_KelulusanTests.swift */; };
		6444B14D2084968A00250516 /* Aplikasi_Penghitung_Nilai_KelulusanUITests.swift in Sources */ = {isa = PBXBuildFile; fileRef = 6444B14C2084968A00250516 /* Aplikasi_Penghitung_Nilai_KelulusanUITests.swift */; };
/* End PBXBuildFile section */

/* Begin PBXContainerItemProxy section */
		6444B13E2084968A00250516 /* PBXContainerItemProxy */ = {
			isa = PBXContainerItemProxy;
			containerPortal = 6444B1212084968A00250516 /* Project object */;
			proxyType = 1;
			remoteGlobalIDString = 6444B1282084968A00250516;
			remoteInfo = "Aplikasi Penghitung Nilai Kelulusan";
		};
		6444B1492084968A00250516 /* PBXContainerItemProxy */ = {
			isa = PBXContainerItemProxy;
			containerPortal = 6444B1212084968A00250516 /* Project object */;
			proxyType = 1;
			remoteGlobalIDString = 6444B1282084968A00250516;
			remoteInfo = "Aplikasi Penghitung Nilai Kelulusan";
		};
/* End PBXContainerItemProxy section */

/* Begin PBXFileReference section */
		6444B1292084968A00250516 /* Aplikasi Penghitung Nilai Kelulusan.app */ = {isa = PBXFileReference; explicitFileType = wrapper.application; includeInIndex = 0; path = "Aplikasi Penghitung Nilai Kelulusan.app"; sourceTree = BUILT_PRODUCTS_DIR; };
		6444B12C2084968A00250516 /* AppDelegate.swift */ = {isa = PBXFileReference; lastKnownFileType = sourcecode.swift; path = AppDelegate.swift; sourceTree = "<group>"; };
		6444B12E2084968A00250516 /* ViewController.swift */ = {isa = PBXFileReference; lastKnownFileType = sourcecode.swift; path = ViewController.swift; sourceTree = "<group>"; };
		6444B1312084968A00250516 /* Base */ = {isa = PBXFileReference; lastKnownFileType = file.storyboard; name = Base; path = Base.lproj/Main.storyboard; sourceTree = "<group>"; };
		6444B1332084968A00250516 /* Assets.xcassets */ = {isa = PBXFileReference; lastKnownFileType = folder.assetcatalog; path = Assets.xcassets; sourceTree = "<group>"; };
		6444B1362084968A00250516 /* Base */ = {isa = PBXFileReference; lastKnownFileType = file.storyboard; name = Base; path = Base.lproj/LaunchScreen.storyboard; sourceTree = "<group>"; };
		6444B1382084968A00250516 /* Info.plist */ = {isa = PBXFileReference; lastKnownFileType = text.plist.xml; path = Info.plist; sourceTree = "<group>"; };
		6444B13D2084968A00250516 /* Aplikasi Penghitung Nilai KelulusanTests.xctest */ = {isa = PBXFileReference; explicitFileType = wrapper.cfbundle; includeInIndex = 0; path = "Aplikasi Penghitung Nilai KelulusanTests.xctest"; sourceTree = BUILT_PRODUCTS_DIR; };
		6444B1412084968A00250516 /* Aplikasi_Penghitung_Nilai_KelulusanTests.swift */ = {isa = PBXFileReference; lastKnownFileType = sourcecode.swift; path = Aplikasi_Penghitung_Nilai_KelulusanTests.swift; sourceTree = "<group>"; };
		6444B1432084968A00250516 /* Info.plist */ = {isa = PBXFileReference; lastKnownFileType = text.plist.xml; path = Info.plist; sourceTree = "<group>"; };
		6444B1482084968A00250516 /* Aplikasi Penghitung Nilai KelulusanUITests.xctest */ = {isa = PBXFileReference; explicitFileType = wrapper.cfbundle; includeInIndex = 0; path = "Aplikasi Penghitung Nilai KelulusanUITests.xctest"; sourceTree = BUILT_PRODUCTS_DIR; };
		6444B14C2084968A00250516 /* Aplikasi_Penghitung_Nilai_KelulusanUITests.swift */ = {isa = PBXFileReference; lastKnownFileType = sourcecode.swift; path = Aplikasi_Penghitung_Nilai_KelulusanUITests.swift; sourceTree = "<group>"; };
		6444B14E2084968A00250516 /* Info.plist */ = {isa = PBXFileReference; lastKnownFileType = text.plist.xml; path = Info.plist; sourceTree = "<group>"; };
/* End PBXFileReference section */

/* Begin PBXFrameworksBuildPhase section */
		6444B1262084968A00250516 /* Frameworks */ = {
			isa = PBXFrameworksBuildPhase;
			buildActionMask = 2147483647;
			files = (
			);
			runOnlyForDeploymentPostprocessing = 0;
		};
		6444B13A2084968A00250516 /* Frameworks */ = {
			isa = PBXFrameworksBuildPhase;
			buildActionMask = 2147483647;
			files = (
			);
			runOnlyForDeploymentPostprocessing = 0;
		};
		6444B1452084968A00250516 /* Frameworks */ = {
			isa = PBXFrameworksBuildPhase;
			buildActionMask = 2147483647;
			files = (
			);
			runOnlyForDeploymentPostprocessing = 0;
		};
/* End PBXFrameworksBuildPhase section */

/* Begin PBXGroup section */
		6444B1202084968A00250516 = {
			isa = PBXGroup;
			children = (
				6444B12B2084968A00250516 /* Aplikasi Penghitung Nilai Kelulusan */,
				6444B1402084968A00250516 /* Aplikasi Penghitung Nilai KelulusanTests */,
				6444B14B2084968A00250516 /* Aplikasi Penghitung Nilai KelulusanUITests */,
				6444B12A2084968A00250516 /* Products */,
			);
			sourceTree = "<group>";
		};
		6444B12A2084968A00250516 /* Products */ = {
			isa = PBXGroup;
			children = (
				6444B1292084968A00250516 /* Aplikasi Penghitung Nilai Kelulusan.app */,
				6444B13D2084968A00250516 /* Aplikasi Penghitung Nilai KelulusanTests.xctest */,
				6444B1482084968A00250516 /* Aplikasi Penghitung Nilai KelulusanUITests.xctest */,
			);
			name = Products;
			sourceTree = "<group>";
		};
		6444B12B2084968A00250516 /* Aplikasi Penghitung Nilai Kelulusan */ = {
			isa = PBXGroup;
			children = (
				6444B12C2084968A00250516 /* AppDelegate.swift */,
				6444B12E2084968A00250516 /* ViewController.swift */,
				6444B1302084968A00250516 /* Main.storyboard */,
				6444B1332084968A00250516 /* Assets.xcassets */,
				6444B1352084968A00250516 /* LaunchScreen.storyboard */,
				6444B1382084968A00250516 /* Info.plist */,
			);
			path = "Aplikasi Penghitung Nilai Kelulusan";
			sourceTree = "<group>";
		};
		6444B1402084968A00250516 /* Aplikasi Penghitung Nilai KelulusanTests */ = {
			isa = PBXGroup;
			children = (
				6444B1412084968A00250516 /* Aplikasi_Penghitung_Nilai_KelulusanTests.swift */,
				6444B1432084968A00250516 /* Info.plist */,
			);
			path = "Aplikasi Penghitung Nilai KelulusanTests";
			sourceTree = "<group>";
		};
		6444B14B2084968A00250516 /* Aplikasi Penghitung Nilai KelulusanUITests */ = {
			isa = PBXGroup;
			children = (
				6444B14C2084968A00250516 /* Aplikasi_Penghitung_Nilai_KelulusanUITests.swift */,
				6444B14E2084968A00250516 /* Info.plist */,
			);
			path = "Aplikasi Penghitung Nilai KelulusanUITests";
			sourceTree = "<group>";
		};
/* End PBXGroup section */

/* Begin PBXNativeTarget section */
		6444B1282084968A00250516 /* Aplikasi Penghitung Nilai Kelulusan */ = {
			isa = PBXNativeTarget;
			buildConfigurationList = 6444B1512084968B00250516 /* Build configuration list for PBXNativeTarget "Aplikasi Penghitung Nilai Kelulusan" */;
			buildPhases = (
				6444B1252084968A00250516 /* Sources */,
				6444B1262084968A00250516 /* Frameworks */,
				6444B1272084968A00250516 /* Resources */,
			);
			buildRules = (
			);
			dependencies = (
			);
			name = "Aplikasi Penghitung Nilai Kelulusan";
			productName = "Aplikasi Penghitung Nilai Kelulusan";
			productReference = 6444B1292084968A00250516 /* Aplikasi Penghitung Nilai Kelulusan.app */;
			productType = "com.apple.product-type.application";
		};
		6444B13C2084968A00250516 /* Aplikasi Penghitung Nilai KelulusanTests */ = {
			isa = PBXNativeTarget;
			buildConfigurationList = 6444B1542084968B00250516 /* Build configuration list for PBXNativeTarget "Aplikasi Penghitung Nilai KelulusanTests" */;
			buildPhases = (
				6444B1392084968A00250516 /* Sources */,
				6444B13A2084968A00250516 /* Frameworks */,
				6444B13B2084968A00250516 /* Resources */,
			);
			buildRules = (
			);
			dependencies = (
				6444B13F2084968A00250516 /* PBXTargetDependency */,
			);
			name = "Aplikasi Penghitung Nilai KelulusanTests";
			productName = "Aplikasi Penghitung Nilai KelulusanTests";
			productReference = 6444B13D2084968A00250516 /* Aplikasi Penghitung Nilai KelulusanTests.xctest */;
			productType = "com.apple.product-type.bundle.unit-test";
		};
		6444B1472084968A00250516 /* Aplikasi Penghitung Nilai KelulusanUITests */ = {
			isa = PBXNativeTarget;
			buildConfigurationList = 6444B1572084968B00250516 /* Build configuration list for PBXNativeTarget "Aplikasi Penghitung Nilai KelulusanUITests" */;
			buildPhases = (
				6444B1442084968A00250516 /* Sources */,
				6444B1452084968A00250516 /* Frameworks */,
				6444B1462084968A00250516 /* Resources */,
			);
			buildRules = (
			);
			dependencies = (
				6444B14A2084968A00250516 /* PBXTargetDependency */,
			);
			name = "Aplikasi Penghitung Nilai KelulusanUITests";
			productName = "Aplikasi Penghitung Nilai KelulusanUITests";
			productReference = 6444B1482084968A00250516 /* Aplikasi Penghitung Nilai KelulusanUITests.xctest */;
			productType = "com.apple.product-type.bundle.ui-testing";
		};
/* End PBXNativeTarget section */

/* Begin PBXProject section */
		6444B1212084968A00250516 /* Project object */ = {
			isa = PBXProject;
			attributes = {
				LastSwiftUpdateCheck = 0710;
				LastUpgradeCheck = 0710;
				ORGANIZATIONNAME = "Matsuura Hana";
				TargetAttributes = {
					6444B1282084968A00250516 = {
						CreatedOnToolsVersion = 7.1;
					};
					6444B13C2084968A00250516 = {
						CreatedOnToolsVersion = 7.1;
						TestTargetID = 6444B1282084968A00250516;
					};
					6444B1472084968A00250516 = {
						CreatedOnToolsVersion = 7.1;
						TestTargetID = 6444B1282084968A00250516;
					};
				};
			};
			buildConfigurationList = 6444B1242084968A00250516 /* Build configuration list for PBXProject "Aplikasi Penghitung Nilai Kelulusan" */;
			compatibilityVersion = "Xcode 3.2";
			developmentRegion = English;
			hasScannedForEncodings = 0;
			knownRegions = (
				en,
				Base,
			);
			mainGroup = 6444B1202084968A00250516;
			productRefGroup = 6444B12A2084968A00250516 /* Products */;
			projectDirPath = "";
			projectRoot = "";
			targets = (
				6444B1282084968A00250516 /* Aplikasi Penghitung Nilai Kelulusan */,
				6444B13C2084968A00250516 /* Aplikasi Penghitung Nilai KelulusanTests */,
				6444B1472084968A00250516 /* Aplikasi Penghitung Nilai KelulusanUITests */,
			);
		};
/* End PBXProject section */

/* Begin PBXResourcesBuildPhase section */
		6444B1272084968A00250516 /* Resources */ = {
			isa = PBXResourcesBuildPhase;
			buildActionMask = 2147483647;
			files = (
				6444B1372084968A00250516 /* LaunchScreen.storyboard in Resources */,
				6444B1342084968A00250516 /* Assets.xcassets in Resources */,
				6444B1322084968A00250516 /* Main.storyboard in Resources */,
			);
			runOnlyForDeploymentPostprocessing = 0;
		};
		6444B13B2084968A00250516 /* Resources */ = {
			isa = PBXResourcesBuildPhase;
			buildActionMask = 2147483647;
			files = (
			);
			runOnlyForDeploymentPostprocessing = 0;
		};
		6444B1462084968A00250516 /* Resources */ = {
			isa = PBXResourcesBuildPhase;
			buildActionMask = 2147483647;
			files = (
			);
			runOnlyForDeploymentPostprocessing = 0;
		};
/* End PBXResourcesBuildPhase section */

/* Begin PBXSourcesBuildPhase section */
		6444B1252084968A00250516 /* Sources */ = {
			isa = PBXSourcesBuildPhase;
			buildActionMask = 2147483647;
			files = (
				6444B12F2084968A00250516 /* ViewController.swift in Sources */,
				6444B12D2084968A00250516 /* AppDelegate.swift in Sources */,
			);
			runOnlyForDeploymentPostprocessing = 0;
		};
		6444B1392084968A00250516 /* Sources */ = {
			isa = PBXSourcesBuildPhase;
			buildActionMask = 2147483647;
			files = (
				6444B1422084968A00250516 /* Aplikasi_Penghitung_Nilai_KelulusanTests.swift in Sources */,
			);
			runOnlyForDeploymentPostprocessing = 0;
		};
		6444B1442084968A00250516 /* Sources */ = {
			isa = PBXSourcesBuildPhase;
			buildActionMask = 2147483647;
			files = (
				6444B14D2084968A00250516 /* Aplikasi_Penghitung_Nilai_KelulusanUITests.swift in Sources */,
			);
			runOnlyForDeploymentPostprocessing = 0;
		};
/* End PBXSourcesBuildPhase section */

/* Begin PBXTargetDependency section */
		6444B13F2084968A00250516 /* PBXTargetDependency */ = {
			isa = PBXTargetDependency;
			target = 6444B1282084968A00250516 /* Aplikasi Penghitung Nilai Kelulusan */;
			targetProxy = 6444B13E2084968A00250516 /* PBXContainerItemProxy */;
		};
		6444B14A2084968A00250516 /* PBXTargetDependency */ = {
			isa = PBXTargetDependency;
			target = 6444B1282084968A00250516 /* Aplikasi Penghitung Nilai Kelulusan */;
			targetProxy = 6444B1492084968A00250516 /* PBXContainerItemProxy */;
		};
/* End PBXTargetDependency section */

/* Begin PBXVariantGroup section */
		6444B1302084968A00250516 /* Main.storyboard */ = {
			isa = PBXVariantGroup;
			children = (
				6444B1312084968A00250516 /* Base */,
			);
			name = Main.storyboard;
			sourceTree = "<group>";
		};
		6444B1352084968A00250516 /* LaunchScreen.storyboard */ = {
			isa = PBXVariantGroup;
			children = (
				6444B1362084968A00250516 /* Base */,
			);
			name = LaunchScreen.storyboard;
			sourceTree = "<group>";
		};
/* End PBXVariantGroup section */

/* Begin XCBuildConfiguration section */
		6444B14F2084968B00250516 /* Debug */ = {
			isa = XCBuildConfiguration;
			buildSettings = {
				ALWAYS_SEARCH_USER_PATHS = NO;
				CLANG_CXX_LANGUAGE_STANDARD = "gnu++0x";
				CLANG_CXX_LIBRARY = "libc++";
				CLANG_ENABLE_MODULES = YES;
				CLANG_ENABLE_OBJC_ARC = YES;
				CLANG_WARN_BOOL_CONVERSION = YES;
				CLANG_WARN_CONSTANT_CONVERSION = YES;
				CLANG_WARN_DIRECT_OBJC_ISA_USAGE = YES_ERROR;
				CLANG_WARN_EMPTY_BODY = YES;
				CLANG_WARN_ENUM_CONVERSION = YES;
				CLANG_WARN_INT_CONVERSION = YES;
				CLANG_WARN_OBJC_ROOT_CLASS = YES_ERROR;
				CLANG_WARN_UNREACHABLE_CODE = YES;
				CLANG_WARN__DUPLICATE_METHOD_MATCH = YES;
				"CODE_SIGN_IDENTITY[sdk=iphoneos*]" = "iPhone Developer";
				COPY_PHASE_STRIP = NO;
				DEBUG_INFORMATION_FORMAT = dwarf;
				ENABLE_STRICT_OBJC_MSGSEND = YES;
				ENABLE_TESTABILITY = YES;
				GCC_C_LANGUAGE_STANDARD = gnu99;
				GCC_DYNAMIC_NO_PIC = NO;
				GCC_NO_COMMON_BLOCKS = YES;
				GCC_OPTIMIZATION_LEVEL = 0;
				GCC_PREPROCESSOR_DEFINITIONS = (
					"DEBUG=1",
					"$(inherited)",
				);
				GCC_WARN_64_TO_32_BIT_CONVERSION = YES;
				GCC_WARN_ABOUT_RETURN_TYPE = YES_ERROR;
				GCC_WARN_UNDECLARED_SELECTOR = YES;
				GCC_WARN_UNINITIALIZED_AUTOS = YES_AGGRESSIVE;
				GCC_WARN_UNUSED_FUNCTION = YES;
				GCC_WARN_UNUSED_VARIABLE = YES;
				IPHONEOS_DEPLOYMENT_TARGET = 9.1;
				MTL_ENABLE_DEBUG_INFO = YES;
				ONLY_ACTIVE_ARCH = YES;
				SDKROOT = iphoneos;
				SWIFT_OPTIMIZATION_LEVEL = "-Onone";
				TARGETED_DEVICE_FAMILY = "1,2";
			};
			name = Debug;
		};
		6444B1502084968B00250516 /* Release */ = {
			isa = XCBuildConfiguration;
			buildSettings = {
				ALWAYS_SEARCH_USER_PATHS = NO;
				CLANG_CXX_LANGUAGE_STANDARD = "gnu++0x";
				CLANG_CXX_LIBRARY = "libc++";
				CLANG_ENABLE_MODULES = YES;
				CLANG_ENABLE_OBJC_ARC = YES;
				CLANG_WARN_BOOL_CONVERSION = YES;
				CLANG_WARN_CONSTANT_CONVERSION = YES;
				CLANG_WARN_DIRECT_OBJC_ISA_USAGE = YES_ERROR;
				CLANG_WARN_EMPTY_BODY = YES;
				CLANG_WARN_ENUM_CONVERSION = YES;
				CLANG_WARN_INT_CONVERSION = YES;
				CLANG_WARN_OBJC_ROOT_CLASS = YES_ERROR;
				CLANG_WARN_UNREACHABLE_CODE = YES;
				CLANG_WARN__DUPLICATE_METHOD_MATCH = YES;
				"CODE_SIGN_IDENTITY[sdk=iphoneos*]" = "iPhone Developer";
				COPY_PHASE_STRIP = NO;
				DEBUG_INFORMATION_FORMAT = "dwarf-with-dsym";
				ENABLE_NS_ASSERTIONS = NO;
				ENABLE_STRICT_OBJC_MSGSEND = YES;
				GCC_C_LANGUAGE_STANDARD = gnu99;
				GCC_NO_COMMON_BLOCKS = YES;
				GCC_WARN_64_TO_32_BIT_CONVERSION = YES;
				GCC_WARN_ABOUT_RETURN_TYPE = YES_ERROR;
				GCC_WARN_UNDECLARED_SELECTOR = YES;
				GCC_WARN_UNINITIALIZED_AUTOS = YES_AGGRESSIVE;
				GCC_WARN_UNUSED_FUNCTION = YES;
				GCC_WARN_UNUSED_VARIABLE = YES;
				IPHONEOS_DEPLOYMENT_TARGET = 9.1;
				MTL_ENABLE_DEBUG_INFO = NO;
				SDKROOT = iphoneos;
				TARGETED_DEVICE_FAMILY = "1,2";
				VALIDATE_PRODUCT = YES;
			};
			name = Release;
		};
		6444B1522084968B00250516 /* Debug */ = {
			isa = XCBuildConfiguration;
			buildSettings = {
				ASSETCATALOG_COMPILER_APPICON_NAME = AppIcon;
				INFOPLIST_FILE = "Aplikasi Penghitung Nilai Kelulusan/Info.plist";
				LD_RUNPATH_SEARCH_PATHS = "$(inherited) @executable_path/Frameworks";
				PRODUCT_BUNDLE_IDENTIFIER = "test.Aplikasi-Penghitung-Nilai-Kelulusan";
				PRODUCT_NAME = "$(TARGET_NAME)";
			};
			name = Debug;
		};
		6444B1532084968B00250516 /* Release */ = {
			isa = XCBuildConfiguration;
			buildSettings = {
				ASSETCATALOG_COMPILER_APPICON_NAME = AppIcon;
				INFOPLIST_FILE = "Aplikasi Penghitung Nilai Kelulusan/Info.plist";
				LD_RUNPATH_SEARCH_PATHS = "$(inherited) @executable_path/Frameworks";
				PRODUCT_BUNDLE_IDENTIFIER = "test.Aplikasi-Penghitung-Nilai-Kelulusan";
				PRODUCT_NAME = "$(TARGET_NAME)";
			};
			name = Release;
		};
		6444B1552084968B00250516 /* Debug */ = {
			isa = XCBuildConfiguration;
			buildSettings = {
				BUNDLE_LOADER = "$(TEST_HOST)";
				INFOPLIST_FILE = "Aplikasi Penghitung Nilai KelulusanTests/Info.plist";
				LD_RUNPATH_SEARCH_PATHS = "$(inherited) @executable_path/Frameworks @loader_path/Frameworks";
				PRODUCT_BUNDLE_IDENTIFIER = "test.Aplikasi-Penghitung-Nilai-KelulusanTests";
				PRODUCT_NAME = "$(TARGET_NAME)";
				TEST_HOST = "$(BUILT_PRODUCTS_DIR)/Aplikasi Penghitung Nilai Kelulusan.app/Aplikasi Penghitung Nilai Kelulusan";
			};
			name = Debug;
		};
		6444B1562084968B00250516 /* Release */ = {
			isa = XCBuildConfiguration;
			buildSettings = {
				BUNDLE_LOADER = "$(TEST_HOST)";
				INFOPLIST_FILE = "Aplikasi Penghitung Nilai KelulusanTests/Info.plist";
				LD_RUNPATH_SEARCH_PATHS = "$(inherited) @executable_path/Frameworks @loader_path/Frameworks";
				PRODUCT_BUNDLE_IDENTIFIER = "test.Aplikasi-Penghitung-Nilai-KelulusanTests";
				PRODUCT_NAME = "$(TARGET_NAME)";
				TEST_HOST = "$(BUILT_PRODUCTS_DIR)/Aplikasi Penghitung Nilai Kelulusan.app/Aplikasi Penghitung Nilai Kelulusan";
			};
			name = Release;
		};
		6444B1582084968B00250516 /* Debug */ = {
			isa = XCBuildConfiguration;
			buildSettings = {
				INFOPLIST_FILE = "Aplikasi Penghitung Nilai KelulusanUITests/Info.plist";
				LD_RUNPATH_SEARCH_PATHS = "$(inherited) @executable_path/Frameworks @loader_path/Frameworks";
				PRODUCT_BUNDLE_IDENTIFIER = "test.Aplikasi-Penghitung-Nilai-KelulusanUITests";
				PRODUCT_NAME = "$(TARGET_NAME)";
				TEST_TARGET_NAME = "Aplikasi Penghitung Nilai Kelulusan";
				USES_XCTRUNNER = YES;
			};
			name = Debug;
		};
		6444B1592084968B00250516 /* Release */ = {
			isa = XCBuildConfiguration;
			buildSettings = {
				INFOPLIST_FILE = "Aplikasi Penghitung Nilai KelulusanUITests/Info.plist";
				LD_RUNPATH_SEARCH_PATHS = "$(inherited) @executable_path/Frameworks @loader_path/Frameworks";
				PRODUCT_BUNDLE_IDENTIFIER = "test.Aplikasi-Penghitung-Nilai-KelulusanUITests";
				PRODUCT_NAME = "$(TARGET_NAME)";
				TEST_TARGET_NAME = "Aplikasi Penghitung Nilai Kelulusan";
				USES_XCTRUNNER = YES;
			};
			name = Release;
		};
/* End XCBuildConfiguration section */

/* Begin XCConfigurationList section */
		6444B1242084968A00250516 /* Build configuration list for PBXProject "Aplikasi Penghitung Nilai Kelulusan" */ = {
			isa = XCConfigurationList;
			buildConfigurations = (
				6444B14F2084968B00250516 /* Debug */,
				6444B1502084968B00250516 /* Release */,
			);
			defaultConfigurationIsVisible = 0;
			defaultConfigurationName = Release;
		};
		6444B1512084968B00250516 /* Build configuration list for PBXNativeTarget "Aplikasi Penghitung Nilai Kelulusan" */ = {
			isa = XCConfigurationList;
			buildConfigurations = (
				6444B1522084968B00250516 /* Debug */,
				6444B1532084968B00250516 /* Release */,
			);
			defaultConfigurationIsVisible = 0;
		};
		6444B1542084968B00250516 /* Build configuration list for PBXNativeTarget "Aplikasi Penghitung Nilai KelulusanTests" */ = {
			isa = XCConfigurationList;
			buildConfigurations = (
				6444B1552084968B00250516 /* Debug */,
				6444B1562084968B00250516 /* Release */,
			);
			defaultConfigurationIsVisible = 0;
		};
		6444B1572084968B00250516 /* Build configuration list for PBXNativeTarget "Aplikasi Penghitung Nilai KelulusanUITests" */ = {
			isa = XCConfigurationList;
			buildConfigurations = (
				6444B1582084968B00250516 /* Debug */,
				6444B1592084968B00250516 /* Release */,
			);
			defaultConfigurationIsVisible = 0;
		};
/* End XCConfigurationList section */
	};
	rootObject = 6444B1212084968A00250516 /* Project object */;
}
